
Microsoft Visual Studio Solution File, Format Version 12.00
# Visual Studio Version 17
VisualStudioVersion = 17.4.33205.214
MinimumVisualStudioVersion = 10.0.40219.1
Project("{9A19103F-16F7-4668-BE54-9A1E7A4F7556}") = "WebApp", "WebApp\WebApp.csproj", "{675B90FB-8589-4AB2-9C82-BE91D619B02D}"
EndProject
Project("{9A19103F-16F7-4668-BE54-9A1E7A4F7556}") = "App.BLL", "App.BLL\App.BLL.csproj", "{9DA829C9-9AFE-4B91-A3ED-7BF9B21DDD15}"
EndProject
Project("{9A19103F-16F7-4668-BE54-9A1E7A4F7556}") = "App.BLL.DTO", "App.BLL.DTO\App.BLL.DTO.csproj", "{2FA692A9-DC06-439D-90D7-9D06168B7BC5}"
EndProject
Project("{9A19103F-16F7-4668-BE54-9A1E7A4F7556}") = "App.Contracts.BLL", "App.Contracts.BLL\App.Contracts.BLL.csproj", "{70B9FA9F-66CA-4F97-A6D9-55BD1627B611}"
EndProject
Project("{9A19103F-16F7-4668-BE54-9A1E7A4F7556}") = "App.Contracts.DAL", "App.Contracts.DAL\App.Contracts.DAL.csproj", "{18DE4A90-2117-4E9C-A586-CD5B57584BFE}"
EndProject
Project("{9A19103F-16F7-4668-BE54-9A1E7A4F7556}") = "App.DAL.DTO", "App.DAL.DTO\App.DAL.DTO.csproj", "{54E2A326-1076-4E3B-9FAA-66CE61B90BE5}"
EndProject
Project("{9A19103F-16F7-4668-BE54-9A1E7A4F7556}") = "App.DAL.EF", "App.DAL.EF\App.DAL.EF.csproj", "{E0FD17C1-D31E-41D2-9C1A-685DB64F860A}"
EndProject
Project("{9A19103F-16F7-4668-BE54-9A1E7A4F7556}") = "App.Domain", "App.Domain\App.Domain.csproj", "{46602C14-74F3-42AE-BE37-AAD8D462B955}"
EndProject
Project("{9A19103F-16F7-4668-BE54-9A1E7A4F7556}") = "Base.BLL", "Base.BLL\Base.BLL.csproj", "{A85151EC-62E4-4A8A-8C80-B04800640277}"
EndProject
Project("{9A19103F-16F7-4668-BE54-9A1E7A4F7556}") = "Base.Contracts.BLL", "Base.Contracts.BLL\Base.Contracts.BLL.csproj", "{3F6F4A09-C428-4DF6-8459-E3DB6D24B5BF}"
EndProject
Project("{9A19103F-16F7-4668-BE54-9A1E7A4F7556}") = "Base.Contracts.DAL", "Base.Contracts.DAL\Base.Contracts.DAL.csproj", "{1D2F2841-D472-4477-AE31-A05B1CD03C1B}"
EndProject
Project("{9A19103F-16F7-4668-BE54-9A1E7A4F7556}") = "Base.Contracts.Domain", "Base.Contracts.Domain\Base.Contracts.Domain.csproj", "{C0093603-14D3-4157-87AE-9498B21BE5E7}"
EndProject
Project("{9A19103F-16F7-4668-BE54-9A1E7A4F7556}") = "Base.Contracts.Mapper", "Base.Contracts.Mapper\Base.Contracts.Mapper.csproj", "{F5CB43C4-DD52-416E-B208-480BE32FC688}"
EndProject
Project("{9A19103F-16F7-4668-BE54-9A1E7A4F7556}") = "Base.DAL.EF", "Base.DAL.EF\Base.DAL.EF.csproj", "{86ED880B-F839-41F3-BC72-36F0DAC22545}"
EndProject
Project("{9A19103F-16F7-4668-BE54-9A1E7A4F7556}") = "Base.Domain", "Base.Domain\Base.Domain.csproj", "{B88F8424-D0FB-4F73-8F8A-351C2538EEB8}"
EndProject
Project("{9A19103F-16F7-4668-BE54-9A1E7A4F7556}") = "Base.Mapper", "Base.Mapper\Base.Mapper.csproj", "{D2855CB1-BE1A-44B2-9BA7-D3842ABBBCDE}"
EndProject
Project("{2150E333-8FDC-42A3-9474-1A3956D46DE8}") = "App", "App", "{716F2F4B-1A40-4BD7-918D-AF7CF3466AEA}"
EndProject
Project("{2150E333-8FDC-42A3-9474-1A3956D46DE8}") = "Base", "Base", "{FCB88B06-9A3A-46CB-86B3-4F6C624C55A0}"
EndProject
Project("{2150E333-8FDC-42A3-9474-1A3956D46DE8}") = "App.Contracts", "App.Contracts", "{82B37148-BAA1-4A5C-864B-057217EA5693}"
EndProject
Project("{2150E333-8FDC-42A3-9474-1A3956D46DE8}") = "Base.Contracts", "Base.Contracts", "{C4FDA47F-54F1-4E14-A74C-E3F1CB5FF9E3}"
EndProject
Project("{FAE04EC0-301F-11D3-BF4B-00C04F79EFBC}") = "WpfApp", "WpfApp\WpfApp.csproj", "{2D3B0FF0-39EB-46DF-ABDE-0662224EBBA0}"
EndProject
Project("{FAE04EC0-301F-11D3-BF4B-00C04F79EFBC}") = "WpfAppWithDbContextFactory", "WpfAppWithDbContextFactory\WpfAppWithDbContextFactory.csproj", "{A35A36FA-27F4-467B-A0B0-23094DB7A275}"
EndProject
Project("{FAE04EC0-301F-11D3-BF4B-00C04F79EFBC}") = "WpfAppWithDbContextScope", "WpfAppWithDbContextScope\WpfAppWithDbContextScope.csproj", "{F2C761A6-CE80-4DDE-BB04-930E4E7B5694}"
EndProject
Project("{FAE04EC0-301F-11D3-BF4B-00C04F79EFBC}") = "WpfAppWithAbstractClass", "WpfAppWithAbstractClass\WpfAppWithAbstractClass.csproj", "{902040EF-4C54-4863-9D08-8A09F2755EEF}"
EndProject
Project("{FAE04EC0-301F-11D3-BF4B-00C04F79EFBC}") = "WpfAppWithAttribute", "WpfAppWithAttribute\WpfAppWithAttribute.csproj", "{BA917524-FA07-4BE5-ABA6-BF6B79D9A9CE}"
EndProject
Global
	GlobalSection(SolutionConfigurationPlatforms) = preSolution
		Debug|Any CPU = Debug|Any CPU
		Release|Any CPU = Release|Any CPU
	EndGlobalSection
	GlobalSection(ProjectConfigurationPlatforms) = postSolution
		{675B90FB-8589-4AB2-9C82-BE91D619B02D}.Debug|Any CPU.ActiveCfg = Debug|Any CPU
		{675B90FB-8589-4AB2-9C82-BE91D619B02D}.Debug|Any CPU.Build.0 = Debug|Any CPU
		{675B90FB-8589-4AB2-9C82-BE91D619B02D}.Release|Any CPU.ActiveCfg = Release|Any CPU
		{675B90FB-8589-4AB2-9C82-BE91D619B02D}.Release|Any CPU.Build.0 = Release|Any CPU
		{9DA829C9-9AFE-4B91-A3ED-7BF9B21DDD15}.Debug|Any CPU.ActiveCfg = Debug|Any CPU
		{9DA829C9-9AFE-4B91-A3ED-7BF9B21DDD15}.Debug|Any CPU.Build.0 = Debug|Any CPU
		{9DA829C9-9AFE-4B91-A3ED-7BF9B21DDD15}.Release|Any CPU.ActiveCfg = Release|Any CPU
		{9DA829C9-9AFE-4B91-A3ED-7BF9B21DDD15}.Release|Any CPU.Build.0 = Release|Any CPU
		{2FA692A9-DC06-439D-90D7-9D06168B7BC5}.Debug|Any CPU.ActiveCfg = Debug|Any CPU
		{2FA692A9-DC06-439D-90D7-9D06168B7BC5}.Debug|Any CPU.Build.0 = Debug|Any CPU
		{2FA692A9-DC06-439D-90D7-9D06168B7BC5}.Release|Any CPU.ActiveCfg = Release|Any CPU
		{2FA692A9-DC06-439D-90D7-9D06168B7BC5}.Release|Any CPU.Build.0 = Release|Any CPU
		{70B9FA9F-66CA-4F97-A6D9-55BD1627B611}.Debug|Any CPU.ActiveCfg = Debug|Any CPU
		{70B9FA9F-66CA-4F97-A6D9-55BD1627B611}.Debug|Any CPU.Build.0 = Debug|Any CPU
		{70B9FA9F-66CA-4F97-A6D9-55BD1627B611}.Release|Any CPU.ActiveCfg = Release|Any CPU
		{70B9FA9F-66CA-4F97-A6D9-55BD1627B611}.Release|Any CPU.Build.0 = Release|Any CPU
		{18DE4A90-2117-4E9C-A586-CD5B57584BFE}.Debug|Any CPU.ActiveCfg = Debug|Any CPU
		{18DE4A90-2117-4E9C-A586-CD5B57584BFE}.Debug|Any CPU.Build.0 = Debug|Any CPU
		{18DE4A90-2117-4E9C-A586-CD5B57584BFE}.Release|Any CPU.ActiveCfg = Release|Any CPU
		{18DE4A90-2117-4E9C-A586-CD5B57584BFE}.Release|Any CPU.Build.0 = Release|Any CPU
		{54E2A326-1076-4E3B-9FAA-66CE61B90BE5}.Debug|Any CPU.ActiveCfg = Debug|Any CPU
		{54E2A326-1076-4E3B-9FAA-66CE61B90BE5}.Debug|Any CPU.Build.0 = Debug|Any CPU
		{54E2A326-1076-4E3B-9FAA-66CE61B90BE5}.Release|Any CPU.ActiveCfg = Release|Any CPU
		{54E2A326-1076-4E3B-9FAA-66CE61B90BE5}.Release|Any CPU.Build.0 = Release|Any CPU
		{E0FD17C1-D31E-41D2-9C1A-685DB64F860A}.Debug|Any CPU.ActiveCfg = Debug|Any CPU
		{E0FD17C1-D31E-41D2-9C1A-685DB64F860A}.Debug|Any CPU.Build.0 = Debug|Any CPU
		{E0FD17C1-D31E-41D2-9C1A-685DB64F860A}.Release|Any CPU.ActiveCfg = Release|Any CPU
		{E0FD17C1-D31E-41D2-9C1A-685DB64F860A}.Release|Any CPU.Build.0 = Release|Any CPU
		{46602C14-74F3-42AE-BE37-AAD8D462B955}.Debug|Any CPU.ActiveCfg = Debug|Any CPU
		{46602C14-74F3-42AE-BE37-AAD8D462B955}.Debug|Any CPU.Build.0 = Debug|Any CPU
		{46602C14-74F3-42AE-BE37-AAD8D462B955}.Release|Any CPU.ActiveCfg = Release|Any CPU
		{46602C14-74F3-42AE-BE37-AAD8D462B955}.Release|Any CPU.Build.0 = Release|Any CPU
		{A85151EC-62E4-4A8A-8C80-B04800640277}.Debug|Any CPU.ActiveCfg = Debug|Any CPU
		{A85151EC-62E4-4A8A-8C80-B04800640277}.Debug|Any CPU.Build.0 = Debug|Any CPU
		{A85151EC-62E4-4A8A-8C80-B04800640277}.Release|Any CPU.ActiveCfg = Release|Any CPU
		{A85151EC-62E4-4A8A-8C80-B04800640277}.Release|Any CPU.Build.0 = Release|Any CPU
		{3F6F4A09-C428-4DF6-8459-E3DB6D24B5BF}.Debug|Any CPU.ActiveCfg = Debug|Any CPU
		{3F6F4A09-C428-4DF6-8459-E3DB6D24B5BF}.Debug|Any CPU.Build.0 = Debug|Any CPU
		{3F6F4A09-C428-4DF6-8459-E3DB6D24B5BF}.Release|Any CPU.ActiveCfg = Release|Any CPU
		{3F6F4A09-C428-4DF6-8459-E3DB6D24B5BF}.Release|Any CPU.Build.0 = Release|Any CPU
		{1D2F2841-D472-4477-AE31-A05B1CD03C1B}.Debug|Any CPU.ActiveCfg = Debug|Any CPU
		{1D2F2841-D472-4477-AE31-A05B1CD03C1B}.Debug|Any CPU.Build.0 = Debug|Any CPU
		{1D2F2841-D472-4477-AE31-A05B1CD03C1B}.Release|Any CPU.ActiveCfg = Release|Any CPU
		{1D2F2841-D472-4477-AE31-A05B1CD03C1B}.Release|Any CPU.Build.0 = Release|Any CPU
		{C0093603-14D3-4157-87AE-9498B21BE5E7}.Debug|Any CPU.ActiveCfg = Debug|Any CPU
		{C0093603-14D3-4157-87AE-9498B21BE5E7}.Debug|Any CPU.Build.0 = Debug|Any CPU
		{C0093603-14D3-4157-87AE-9498B21BE5E7}.Release|Any CPU.ActiveCfg = Release|Any CPU
		{C0093603-14D3-4157-87AE-9498B21BE5E7}.Release|Any CPU.Build.0 = Release|Any CPU
		{F5CB43C4-DD52-416E-B208-480BE32FC688}.Debug|Any CPU.ActiveCfg = Debug|Any CPU
		{F5CB43C4-DD52-416E-B208-480BE32FC688}.Debug|Any CPU.Build.0 = Debug|Any CPU
		{F5CB43C4-DD52-416E-B208-480BE32FC688}.Release|Any CPU.ActiveCfg = Release|Any CPU
		{F5CB43C4-DD52-416E-B208-480BE32FC688}.Release|Any CPU.Build.0 = Release|Any CPU
		{86ED880B-F839-41F3-BC72-36F0DAC22545}.Debug|Any CPU.ActiveCfg = Debug|Any CPU
		{86ED880B-F839-41F3-BC72-36F0DAC22545}.Debug|Any CPU.Build.0 = Debug|Any CPU
		{86ED880B-F839-41F3-BC72-36F0DAC22545}.Release|Any CPU.ActiveCfg = Release|Any CPU
		{86ED880B-F839-41F3-BC72-36F0DAC22545}.Release|Any CPU.Build.0 = Release|Any CPU
		{B88F8424-D0FB-4F73-8F8A-351C2538EEB8}.Debug|Any CPU.ActiveCfg = Debug|Any CPU
		{B88F8424-D0FB-4F73-8F8A-351C2538EEB8}.Debug|Any CPU.Build.0 = Debug|Any CPU
		{B88F8424-D0FB-4F73-8F8A-351C2538EEB8}.Release|Any CPU.ActiveCfg = Release|Any CPU
		{B88F8424-D0FB-4F73-8F8A-351C2538EEB8}.Release|Any CPU.Build.0 = Release|Any CPU
		{D2855CB1-BE1A-44B2-9BA7-D3842ABBBCDE}.Debug|Any CPU.ActiveCfg = Debug|Any CPU
		{D2855CB1-BE1A-44B2-9BA7-D3842ABBBCDE}.Debug|Any CPU.Build.0 = Debug|Any CPU
		{D2855CB1-BE1A-44B2-9BA7-D3842ABBBCDE}.Release|Any CPU.ActiveCfg = Release|Any CPU
		{D2855CB1-BE1A-44B2-9BA7-D3842ABBBCDE}.Release|Any CPU.Build.0 = Release|Any CPU
		{2D3B0FF0-39EB-46DF-ABDE-0662224EBBA0}.Debug|Any CPU.ActiveCfg = Debug|Any CPU
		{2D3B0FF0-39EB-46DF-ABDE-0662224EBBA0}.Debug|Any CPU.Build.0 = Debug|Any CPU
		{2D3B0FF0-39EB-46DF-ABDE-0662224EBBA0}.Release|Any CPU.ActiveCfg = Release|Any CPU
		{2D3B0FF0-39EB-46DF-ABDE-0662224EBBA0}.Release|Any CPU.Build.0 = Release|Any CPU
		{A35A36FA-27F4-467B-A0B0-23094DB7A275}.Debug|Any CPU.ActiveCfg = Debug|Any CPU
		{A35A36FA-27F4-467B-A0B0-23094DB7A275}.Debug|Any CPU.Build.0 = Debug|Any CPU
		{A35A36FA-27F4-467B-A0B0-23094DB7A275}.Release|Any CPU.ActiveCfg = Release|Any CPU
		{A35A36FA-27F4-467B-A0B0-23094DB7A275}.Release|Any CPU.Build.0 = Release|Any CPU
		{F2C761A6-CE80-4DDE-BB04-930E4E7B5694}.Debug|Any CPU.ActiveCfg = Debug|Any CPU
		{F2C761A6-CE80-4DDE-BB04-930E4E7B5694}.Debug|Any CPU.Build.0 = Debug|Any CPU
		{F2C761A6-CE80-4DDE-BB04-930E4E7B5694}.Release|Any CPU.ActiveCfg = Release|Any CPU
		{F2C761A6-CE80-4DDE-BB04-930E4E7B5694}.Release|Any CPU.Build.0 = Release|Any CPU
		{902040EF-4C54-4863-9D08-8A09F2755EEF}.Debug|Any CPU.ActiveCfg = Debug|Any CPU
		{902040EF-4C54-4863-9D08-8A09F2755EEF}.Debug|Any CPU.Build.0 = Debug|Any CPU
		{902040EF-4C54-4863-9D08-8A09F2755EEF}.Release|Any CPU.ActiveCfg = Release|Any CPU
		{902040EF-4C54-4863-9D08-8A09F2755EEF}.Release|Any CPU.Build.0 = Release|Any CPU
		{BA917524-FA07-4BE5-ABA6-BF6B79D9A9CE}.Debug|Any CPU.ActiveCfg = Debug|Any CPU
		{BA917524-FA07-4BE5-ABA6-BF6B79D9A9CE}.Debug|Any CPU.Build.0 = Debug|Any CPU
		{BA917524-FA07-4BE5-ABA6-BF6B79D9A9CE}.Release|Any CPU.ActiveCfg = Release|Any CPU
		{BA917524-FA07-4BE5-ABA6-BF6B79D9A9CE}.Release|Any CPU.Build.0 = Release|Any CPU
	EndGlobalSection
	GlobalSection(SolutionProperties) = preSolution
		HideSolutionNode = FALSE
	EndGlobalSection
	GlobalSection(NestedProjects) = preSolution
		{9DA829C9-9AFE-4B91-A3ED-7BF9B21DDD15} = {716F2F4B-1A40-4BD7-918D-AF7CF3466AEA}
		{2FA692A9-DC06-439D-90D7-9D06168B7BC5} = {716F2F4B-1A40-4BD7-918D-AF7CF3466AEA}
		{70B9FA9F-66CA-4F97-A6D9-55BD1627B611} = {82B37148-BAA1-4A5C-864B-057217EA5693}
		{18DE4A90-2117-4E9C-A586-CD5B57584BFE} = {82B37148-BAA1-4A5C-864B-057217EA5693}
		{54E2A326-1076-4E3B-9FAA-66CE61B90BE5} = {716F2F4B-1A40-4BD7-918D-AF7CF3466AEA}
		{E0FD17C1-D31E-41D2-9C1A-685DB64F860A} = {716F2F4B-1A40-4BD7-918D-AF7CF3466AEA}
		{46602C14-74F3-42AE-BE37-AAD8D462B955} = {716F2F4B-1A40-4BD7-918D-AF7CF3466AEA}
		{A85151EC-62E4-4A8A-8C80-B04800640277} = {FCB88B06-9A3A-46CB-86B3-4F6C624C55A0}
		{3F6F4A09-C428-4DF6-8459-E3DB6D24B5BF} = {C4FDA47F-54F1-4E14-A74C-E3F1CB5FF9E3}
		{1D2F2841-D472-4477-AE31-A05B1CD03C1B} = {C4FDA47F-54F1-4E14-A74C-E3F1CB5FF9E3}
		{C0093603-14D3-4157-87AE-9498B21BE5E7} = {C4FDA47F-54F1-4E14-A74C-E3F1CB5FF9E3}
		{F5CB43C4-DD52-416E-B208-480BE32FC688} = {C4FDA47F-54F1-4E14-A74C-E3F1CB5FF9E3}
		{86ED880B-F839-41F3-BC72-36F0DAC22545} = {FCB88B06-9A3A-46CB-86B3-4F6C624C55A0}
		{B88F8424-D0FB-4F73-8F8A-351C2538EEB8} = {FCB88B06-9A3A-46CB-86B3-4F6C624C55A0}
		{D2855CB1-BE1A-44B2-9BA7-D3842ABBBCDE} = {FCB88B06-9A3A-46CB-86B3-4F6C624C55A0}
	EndGlobalSection
	GlobalSection(ExtensibilityGlobals) = postSolution
		SolutionGuid = {35FB4370-A177-4C18-B73B-26B1C0DDD7D6}
	EndGlobalSection
EndGlobal
